
Microsoft Visual Studio Solution File, Format Version 12.00
# Visual Studio Version 16
VisualStudioVersion = 16.0.28922.388
MinimumVisualStudioVersion = 10.0.40219.1
Project("{9A19103F-16F7-4668-BE54-9A1E7A4F7556}") = "Doublelives.Api", "Doublelives.Api\Doublelives.Api.csproj", "{7E4FE7F2-31A1-422D-965D-3466E24B30F8}"
EndProject
Project("{9A19103F-16F7-4668-BE54-9A1E7A4F7556}") = "Doublelives.Core", "Doublelives.Core\Doublelives.Core.csproj", "{07EA7EE6-E1DC-4922-A474-4A01FF3DC4A9}"
EndProject
Project("{9A19103F-16F7-4668-BE54-9A1E7A4F7556}") = "Doublelives.Service", "Doublelives.Service\Doublelives.Service.csproj", "{D8241B5D-8F29-4B84-9CBD-6901ACDDD970}"
EndProject
Project("{9A19103F-16F7-4668-BE54-9A1E7A4F7556}") = "Doublelives.Persistence", "Doublelives.Persistence\Doublelives.Persistence.csproj", "{3D232050-7021-45D7-85BE-C7F5F84295FE}"
EndProject
Project("{9A19103F-16F7-4668-BE54-9A1E7A4F7556}") = "Doublelives.Domain", "Doublelives.Domain\Doublelives.Domain.csproj", "{EEB39C83-F123-40A4-A206-894CE494DFD2}"
EndProject
Project("{9A19103F-16F7-4668-BE54-9A1E7A4F7556}") = "Doublelives.Migrations", "Doublelives.Migrations\Doublelives.Migrations.csproj", "{C6EEC5FB-72FF-470B-80C1-74043DA3533B}"
EndProject
Project("{2150E333-8FDC-42A3-9474-1A3956D46DE8}") = "Services", "Services", "{63DBA218-4075-453B-A6E3-DB26CC67C7DB}"
EndProject
Project("{2150E333-8FDC-42A3-9474-1A3956D46DE8}") = "Applications", "Applications", "{F91267E5-EA4E-4695-A52F-0A4D88F60B99}"
EndProject
Project("{2150E333-8FDC-42A3-9474-1A3956D46DE8}") = "Infrastructure", "Infrastructure", "{0D6A0283-13ED-4ED7-A222-CE899C76AA95}"
EndProject
Project("{9A19103F-16F7-4668-BE54-9A1E7A4F7556}") = "Doublelives.Shared", "Doublelives.Shared\Doublelives.Shared.csproj", "{5633A978-1313-41F9-880D-900B242EE611}"
EndProject
Project("{9A19103F-16F7-4668-BE54-9A1E7A4F7556}") = "Doublelives.Infrastructure", "Doublelives.Infrastructure\Doublelives.Infrastructure.csproj", "{A50AC59D-8513-4563-83AD-3081526B3722}"
EndProject
Project("{9A19103F-16F7-4668-BE54-9A1E7A4F7556}") = "Doublelives.Query", "Doublelives.Query\Doublelives.Query.csproj", "{BAFE542D-B370-4DB9-BADA-CFC453C748B3}"
EndProject
Global
	GlobalSection(SolutionConfigurationPlatforms) = preSolution
		Debug|Any CPU = Debug|Any CPU
		Release|Any CPU = Release|Any CPU
	EndGlobalSection
	GlobalSection(ProjectConfigurationPlatforms) = postSolution
		{7E4FE7F2-31A1-422D-965D-3466E24B30F8}.Debug|Any CPU.ActiveCfg = Debug|Any CPU
		{7E4FE7F2-31A1-422D-965D-3466E24B30F8}.Debug|Any CPU.Build.0 = Debug|Any CPU
		{7E4FE7F2-31A1-422D-965D-3466E24B30F8}.Release|Any CPU.ActiveCfg = Release|Any CPU
		{7E4FE7F2-31A1-422D-965D-3466E24B30F8}.Release|Any CPU.Build.0 = Release|Any CPU
		{07EA7EE6-E1DC-4922-A474-4A01FF3DC4A9}.Debug|Any CPU.ActiveCfg = Debug|Any CPU
		{07EA7EE6-E1DC-4922-A474-4A01FF3DC4A9}.Debug|Any CPU.Build.0 = Debug|Any CPU
		{07EA7EE6-E1DC-4922-A474-4A01FF3DC4A9}.Release|Any CPU.ActiveCfg = Release|Any CPU
		{07EA7EE6-E1DC-4922-A474-4A01FF3DC4A9}.Release|Any CPU.Build.0 = Release|Any CPU
		{D8241B5D-8F29-4B84-9CBD-6901ACDDD970}.Debug|Any CPU.ActiveCfg = Debug|Any CPU
		{D8241B5D-8F29-4B84-9CBD-6901ACDDD970}.Debug|Any CPU.Build.0 = Debug|Any CPU
		{D8241B5D-8F29-4B84-9CBD-6901ACDDD970}.Release|Any CPU.ActiveCfg = Release|Any CPU
		{D8241B5D-8F29-4B84-9CBD-6901ACDDD970}.Release|Any CPU.Build.0 = Release|Any CPU
		{3D232050-7021-45D7-85BE-C7F5F84295FE}.Debug|Any CPU.ActiveCfg = Debug|Any CPU
		{3D232050-7021-45D7-85BE-C7F5F84295FE}.Debug|Any CPU.Build.0 = Debug|Any CPU
		{3D232050-7021-45D7-85BE-C7F5F84295FE}.Release|Any CPU.ActiveCfg = Release|Any CPU
		{3D232050-7021-45D7-85BE-C7F5F84295FE}.Release|Any CPU.Build.0 = Release|Any CPU
		{EEB39C83-F123-40A4-A206-894CE494DFD2}.Debug|Any CPU.ActiveCfg = Debug|Any CPU
		{EEB39C83-F123-40A4-A206-894CE494DFD2}.Debug|Any CPU.Build.0 = Debug|Any CPU
		{EEB39C83-F123-40A4-A206-894CE494DFD2}.Release|Any CPU.ActiveCfg = Release|Any CPU
		{EEB39C83-F123-40A4-A206-894CE494DFD2}.Release|Any CPU.Build.0 = Release|Any CPU
		{C6EEC5FB-72FF-470B-80C1-74043DA3533B}.Debug|Any CPU.ActiveCfg = Debug|Any CPU
		{C6EEC5FB-72FF-470B-80C1-74043DA3533B}.Debug|Any CPU.Build.0 = Debug|Any CPU
		{C6EEC5FB-72FF-470B-80C1-74043DA3533B}.Release|Any CPU.ActiveCfg = Release|Any CPU
		{C6EEC5FB-72FF-470B-80C1-74043DA3533B}.Release|Any CPU.Build.0 = Release|Any CPU
		{5633A978-1313-41F9-880D-900B242EE611}.Debug|Any CPU.ActiveCfg = Debug|Any CPU
		{5633A978-1313-41F9-880D-900B242EE611}.Debug|Any CPU.Build.0 = Debug|Any CPU
		{5633A978-1313-41F9-880D-900B242EE611}.Release|Any CPU.ActiveCfg = Release|Any CPU
		{5633A978-1313-41F9-880D-900B242EE611}.Release|Any CPU.Build.0 = Release|Any CPU
		{A50AC59D-8513-4563-83AD-3081526B3722}.Debug|Any CPU.ActiveCfg = Debug|Any CPU
		{A50AC59D-8513-4563-83AD-3081526B3722}.Debug|Any CPU.Build.0 = Debug|Any CPU
		{A50AC59D-8513-4563-83AD-3081526B3722}.Release|Any CPU.ActiveCfg = Release|Any CPU
		{A50AC59D-8513-4563-83AD-3081526B3722}.Release|Any CPU.Build.0 = Release|Any CPU
		{BAFE542D-B370-4DB9-BADA-CFC453C748B3}.Debug|Any CPU.ActiveCfg = Debug|Any CPU
		{BAFE542D-B370-4DB9-BADA-CFC453C748B3}.Debug|Any CPU.Build.0 = Debug|Any CPU
		{BAFE542D-B370-4DB9-BADA-CFC453C748B3}.Release|Any CPU.ActiveCfg = Release|Any CPU
		{BAFE542D-B370-4DB9-BADA-CFC453C748B3}.Release|Any CPU.Build.0 = Release|Any CPU
	EndGlobalSection
	GlobalSection(SolutionProperties) = preSolution
		HideSolutionNode = FALSE
	EndGlobalSection
	GlobalSection(NestedProjects) = preSolution
		{7E4FE7F2-31A1-422D-965D-3466E24B30F8} = {F91267E5-EA4E-4695-A52F-0A4D88F60B99}
		{07EA7EE6-E1DC-4922-A474-4A01FF3DC4A9} = {F91267E5-EA4E-4695-A52F-0A4D88F60B99}
		{D8241B5D-8F29-4B84-9CBD-6901ACDDD970} = {63DBA218-4075-453B-A6E3-DB26CC67C7DB}
		{5633A978-1313-41F9-880D-900B242EE611} = {0D6A0283-13ED-4ED7-A222-CE899C76AA95}
		{A50AC59D-8513-4563-83AD-3081526B3722} = {0D6A0283-13ED-4ED7-A222-CE899C76AA95}
		{BAFE542D-B370-4DB9-BADA-CFC453C748B3} = {63DBA218-4075-453B-A6E3-DB26CC67C7DB}
	EndGlobalSection
	GlobalSection(ExtensibilityGlobals) = postSolution
		SolutionGuid = {1688CB2B-C0AB-4682-AA07-E2A096F98B20}
	EndGlobalSection
EndGlobal
